
Microsoft Visual Studio Solution File, Format Version 12.00
# Visual Studio Version 16
VisualStudioVersion = 16.0.31729.503
MinimumVisualStudioVersion = 10.0.40219.1
Project("{FAE04EC0-301F-11D3-BF4B-00C04F79EFBC}") = "WSClient", "WSClient\WSClient.csproj", "{261A45EF-23FC-4646-8C7C-B3705AF9FACB}"
EndProject
Global
	GlobalSection(SolutionConfigurationPlatforms) = preSolution
		Debug|Any CPU = Debug|Any CPU
		Release|Any CPU = Release|Any CPU
	EndGlobalSection
	GlobalSection(ProjectConfigurationPlatforms) = postSolution
		{261A45EF-23FC-4646-8C7C-B3705AF9FACB}.Debug|Any CPU.ActiveCfg = Debug|Any CPU
		{261A45EF-23FC-4646-8C7C-B3705AF9FACB}.Debug|Any CPU.Build.0 = Debug|Any CPU
		{261A45EF-23FC-4646-8C7C-B3705AF9FACB}.Release|Any CPU.ActiveCfg = Release|Any CPU
		{261A45EF-23FC-4646-8C7C-B3705AF9FACB}.Release|Any CPU.Build.0 = Release|Any CPU
	EndGlobalSection
	GlobalSection(SolutionProperties) = preSolution
		HideSolutionNode = FALSE
	EndGlobalSection
	GlobalSection(ExtensibilityGlobals) = postSolution
		SolutionGuid = {C8F96C4B-5BDE-4F9D-B581-F718AA6709EA}
	EndGlobalSection
EndGlobal
